
Microsoft Visual Studio Solution File, Format Version 12.00
# Visual Studio 15
VisualStudioVersion = 15.0.27428.2037
MinimumVisualStudioVersion = 10.0.40219.1
Project("{FAE04EC0-301F-11D3-BF4B-00C04F79EFBC}") = "Echoes.Web", "Echoes\Echoes.Web.csproj", "{B666F9E1-9532-491B-8421-5E799A5AC358}"
EndProject
Project("{FAE04EC0-301F-11D3-BF4B-00C04F79EFBC}") = "Cottontail.Cache", "Cache\Cottontail.Cache.csproj", "{EC6ED52E-7F08-4F14-9FF5-064332175CA8}"
EndProject
Project("{FAE04EC0-301F-11D3-BF4B-00C04F79EFBC}") = "Cottontail.FileSystem", "FileSystem\Cottontail.FileSystem.csproj", "{13943448-4008-4C37-9F5C-F1793E773314}"
EndProject
Project("{FAE04EC0-301F-11D3-BF4B-00C04F79EFBC}") = "Cottontail.Structure", "Structure\Cottontail.Structure.csproj", "{CF2AD084-BEA7-47CD-B934-38BFF7598937}"
EndProject
Project("{FAE04EC0-301F-11D3-BF4B-00C04F79EFBC}") = "Cottontail.Utility", "Utility\Cottontail.Utility.csproj", "{192B043D-E34F-44E2-B59F-10378C6096D3}"
EndProject
Project("{FAE04EC0-301F-11D3-BF4B-00C04F79EFBC}") = "Echoes.DataStructure", "Echoes.DataStructure\Echoes.DataStructure.csproj", "{57886759-D433-4C4F-9BF2-3EA178250BAB}"
EndProject
Project("{FAE04EC0-301F-11D3-BF4B-00C04F79EFBC}") = "Echoes.Data", "Echoes.Data\Echoes.Data.csproj", "{6D46845D-EE57-431B-9394-BD6F1C7F538A}"
EndProject
Project("{FAE04EC0-301F-11D3-BF4B-00C04F79EFBC}") = "Echoes.Interpretation", "Echoes.Interpretation\Echoes.Interpretation.csproj", "{C2E2E765-9A8E-4975-AF4A-32BCAABF3033}"
EndProject
Global
	GlobalSection(SolutionConfigurationPlatforms) = preSolution
		Debug|Any CPU = Debug|Any CPU
		Release|Any CPU = Release|Any CPU
	EndGlobalSection
	GlobalSection(ProjectConfigurationPlatforms) = postSolution
		{B666F9E1-9532-491B-8421-5E799A5AC358}.Debug|Any CPU.ActiveCfg = Debug|Any CPU
		{B666F9E1-9532-491B-8421-5E799A5AC358}.Debug|Any CPU.Build.0 = Debug|Any CPU
		{B666F9E1-9532-491B-8421-5E799A5AC358}.Release|Any CPU.ActiveCfg = Release|Any CPU
		{B666F9E1-9532-491B-8421-5E799A5AC358}.Release|Any CPU.Build.0 = Release|Any CPU
		{EC6ED52E-7F08-4F14-9FF5-064332175CA8}.Debug|Any CPU.ActiveCfg = Debug|Any CPU
		{EC6ED52E-7F08-4F14-9FF5-064332175CA8}.Debug|Any CPU.Build.0 = Debug|Any CPU
		{EC6ED52E-7F08-4F14-9FF5-064332175CA8}.Release|Any CPU.ActiveCfg = Release|Any CPU
		{EC6ED52E-7F08-4F14-9FF5-064332175CA8}.Release|Any CPU.Build.0 = Release|Any CPU
		{13943448-4008-4C37-9F5C-F1793E773314}.Debug|Any CPU.ActiveCfg = Debug|Any CPU
		{13943448-4008-4C37-9F5C-F1793E773314}.Debug|Any CPU.Build.0 = Debug|Any CPU
		{13943448-4008-4C37-9F5C-F1793E773314}.Release|Any CPU.ActiveCfg = Release|Any CPU
		{13943448-4008-4C37-9F5C-F1793E773314}.Release|Any CPU.Build.0 = Release|Any CPU
		{CF2AD084-BEA7-47CD-B934-38BFF7598937}.Debug|Any CPU.ActiveCfg = Debug|Any CPU
		{CF2AD084-BEA7-47CD-B934-38BFF7598937}.Debug|Any CPU.Build.0 = Debug|Any CPU
		{CF2AD084-BEA7-47CD-B934-38BFF7598937}.Release|Any CPU.ActiveCfg = Release|Any CPU
		{CF2AD084-BEA7-47CD-B934-38BFF7598937}.Release|Any CPU.Build.0 = Release|Any CPU
		{192B043D-E34F-44E2-B59F-10378C6096D3}.Debug|Any CPU.ActiveCfg = Debug|Any CPU
		{192B043D-E34F-44E2-B59F-10378C6096D3}.Debug|Any CPU.Build.0 = Debug|Any CPU
		{192B043D-E34F-44E2-B59F-10378C6096D3}.Release|Any CPU.ActiveCfg = Release|Any CPU
		{192B043D-E34F-44E2-B59F-10378C6096D3}.Release|Any CPU.Build.0 = Release|Any CPU
		{57886759-D433-4C4F-9BF2-3EA178250BAB}.Debug|Any CPU.ActiveCfg = Debug|Any CPU
		{57886759-D433-4C4F-9BF2-3EA178250BAB}.Debug|Any CPU.Build.0 = Debug|Any CPU
		{57886759-D433-4C4F-9BF2-3EA178250BAB}.Release|Any CPU.ActiveCfg = Release|Any CPU
		{57886759-D433-4C4F-9BF2-3EA178250BAB}.Release|Any CPU.Build.0 = Release|Any CPU
		{6D46845D-EE57-431B-9394-BD6F1C7F538A}.Debug|Any CPU.ActiveCfg = Debug|Any CPU
		{6D46845D-EE57-431B-9394-BD6F1C7F538A}.Debug|Any CPU.Build.0 = Debug|Any CPU
		{6D46845D-EE57-431B-9394-BD6F1C7F538A}.Release|Any CPU.ActiveCfg = Release|Any CPU
		{6D46845D-EE57-431B-9394-BD6F1C7F538A}.Release|Any CPU.Build.0 = Release|Any CPU
		{C2E2E765-9A8E-4975-AF4A-32BCAABF3033}.Debug|Any CPU.ActiveCfg = Debug|Any CPU
		{C2E2E765-9A8E-4975-AF4A-32BCAABF3033}.Debug|Any CPU.Build.0 = Debug|Any CPU
		{C2E2E765-9A8E-4975-AF4A-32BCAABF3033}.Release|Any CPU.ActiveCfg = Release|Any CPU
		{C2E2E765-9A8E-4975-AF4A-32BCAABF3033}.Release|Any CPU.Build.0 = Release|Any CPU
	EndGlobalSection
	GlobalSection(SolutionProperties) = preSolution
		HideSolutionNode = FALSE
	EndGlobalSection
	GlobalSection(ExtensibilityGlobals) = postSolution
		SolutionGuid = {D9198546-429A-4646-A0AE-B84610AF342F}
	EndGlobalSection
EndGlobal
